{"is_source_file": false, "format": "", "description": "", "external_files": [], "external_methods": [], "published": [], "classes": [], "methods": [], "calls": [], "search-terms": [], "state": 2, "file_id": 16, "knowledge_revision": 30, "git_revision": "db468305a864b7e80d96ae6af57f63f0cb5a360d", "hash": "9c4ed7ef73e22b872b8055bec08b8979", "format-version": 4, "code-base-name": "default", "filename": "taskease/post_process_status.lock", "revision_history": [{"30": "db468305a864b7e80d96ae6af57f63f0cb5a360d"}]}