{"is_source_file": false, "format": "", "description": "", "external_files": [], "external_methods": [], "published": [], "classes": [], "methods": [], "calls": [], "search-terms": [], "state": 2, "file_id": 18, "knowledge_revision": 49, "git_revision": "edc0dd6c875876748d2116a626ebf947c2924c24", "hash": "e9b4c3b42cef0193b7fddb548d37e652", "format-version": 4, "code-base-name": "default", "filename": "taskease/post_process_status.lock", "revision_history": [{"49": "edc0dd6c875876748d2116a626ebf947c2924c24"}]}